# This file is automatically @generated by Cargo.
# It is not intended for manual editing.
version = 4

[[package]]
name = "determinism-proto"
version = "0.1.0"

[[package]]
name = "refwork-featuremap"
version = "0.1.0"

[[package]]
name = "refwork-harness"
version = "0.1.0"
dependencies = [
 "refwork-protocol",
]

[[package]]
name = "refwork-m0-proto-client"
version = "0.1.0"
dependencies = [
 "determinism-proto",
]

[[package]]
name = "refwork-protocol"
version = "0.1.0"
